{
  "version": 4,
  "terraform_version": "1.9.4",
  "serial": 38,
  "lineage": "e5519f53-cc2a-a5b8-e1aa-852356dc2b18",
  "outputs": {
    "container_id": {
      "value": "3017b4730ae3e147d3cf3f97f42d3220f3164a6f5b36f63bd1f0dc8a8f78fbd2",
      "type": "string"
    },
    "image_id": {
      "value": "sha256:8e4fc9e184899a58735e7ee333f5e272d7d2298cf59302006b71f33e217be130postgres:16.2",
      "type": "string"
    }
  },
  "resources": [
    {
      "mode": "managed",
      "type": "docker_container",
      "name": "data",
      "provider": "provider[\"registry.terraform.io/kreuzwerker/docker\"]",
      "instances": [
        {
          "schema_version": 2,
          "attributes": {
            "attach": false,
            "bridge": "",
            "capabilities": [],
            "cgroupns_mode": null,
            "command": [
              "postgres"
            ],
            "container_logs": null,
            "container_read_refresh_timeout_milliseconds": 15000,
            "cpu_set": "",
            "cpu_shares": 0,
            "destroy_grace_seconds": null,
            "devices": [],
            "dns": null,
            "dns_opts": null,
            "dns_search": null,
            "domainname": "",
            "entrypoint": [
              "docker-entrypoint.sh"
            ],
            "env": [
              "PGDATA=/var/lib/postgresql/data/db-test",
              "POSTGRES_DB=db-test",
              "POSTGRES_PASSWORD=sdfghjk",
              "POSTGRES_USER=user-db-test"
            ],
            "exit_code": null,
            "gpus": null,
            "group_add": null,
            "healthcheck": null,
            "host": [],
            "hostname": "data-postgre",
            "id": "3017b4730ae3e147d3cf3f97f42d3220f3164a6f5b36f63bd1f0dc8a8f78fbd2",
            "image": "sha256:8e4fc9e184899a58735e7ee333f5e272d7d2298cf59302006b71f33e217be130",
            "init": false,
            "ipc_mode": "private",
            "labels": [],
            "log_driver": "json-file",
            "log_opts": null,
            "logs": false,
            "max_retry_count": 0,
            "memory": 0,
            "memory_swap": 0,
            "mounts": [],
            "must_run": true,
            "name": "db-postgre",
            "network_data": [
              {
                "gateway": "172.17.0.1",
                "global_ipv6_address": "",
                "global_ipv6_prefix_length": 0,
                "ip_address": "172.17.0.2",
                "ip_prefix_length": 16,
                "ipv6_gateway": "",
                "mac_address": "02:42:ac:11:00:02",
                "network_name": "bridge"
              }
            ],
            "network_mode": "bridge",
            "networks_advanced": [],
            "pid_mode": "",
            "ports": [
              {
                "external": 5432,
                "internal": 5432,
                "ip": "0.0.0.0",
                "protocol": "tcp"
              }
            ],
            "privileged": false,
            "publish_all_ports": false,
            "read_only": false,
            "remove_volumes": true,
            "restart": "no",
            "rm": false,
            "runtime": "runc",
            "security_opts": [],
            "shm_size": 64,
            "start": true,
            "stdin_open": false,
            "stop_signal": "SIGINT",
            "stop_timeout": 0,
            "storage_opts": null,
            "sysctls": null,
            "tmpfs": null,
            "tty": false,
            "ulimit": [],
            "upload": [],
            "user": "",
            "userns_mode": "",
            "volumes": [
              {
                "container_path": "/var/lib/postgresql/data/db-test",
                "from_container": "",
                "host_path": "",
                "read_only": null,
                "volume_name": "vol_db"
              }
            ],
            "wait": false,
            "wait_timeout": 60,
            "working_dir": ""
          },
          "sensitive_attributes": [],
          "private": "eyJzY2hlbWFfdmVyc2lvbiI6IjIifQ==",
          "dependencies": [
            "docker_image.postgresql"
          ]
        }
      ]
    },
    {
      "mode": "managed",
      "type": "docker_image",
      "name": "postgresql",
      "provider": "provider[\"registry.terraform.io/kreuzwerker/docker\"]",
      "instances": [
        {
          "schema_version": 0,
          "attributes": {
            "build": [],
            "force_remove": null,
            "id": "sha256:8e4fc9e184899a58735e7ee333f5e272d7d2298cf59302006b71f33e217be130postgres:16.2",
            "image_id": "sha256:8e4fc9e184899a58735e7ee333f5e272d7d2298cf59302006b71f33e217be130",
            "keep_locally": false,
            "name": "postgres:16.2",
            "platform": null,
            "pull_triggers": null,
            "repo_digest": "postgres@sha256:4aea012537edfad80f98d870a36e6b90b4c09b27be7f4b4759d72db863baeebb",
            "triggers": null
          },
          "sensitive_attributes": [],
          "private": "bnVsbA=="
        }
      ]
    },
    {
      "mode": "managed",
      "type": "docker_volume",
      "name": "data",
      "provider": "provider[\"registry.terraform.io/kreuzwerker/docker\"]",
      "instances": [
        {
          "schema_version": 1,
          "attributes": {
            "driver": "local",
            "driver_opts": {},
            "id": "vol_db",
            "labels": [],
            "mountpoint": "/var/lib/docker/volumes/vol_db/_data",
            "name": "vol_db"
          },
          "sensitive_attributes": [],
          "private": "eyJzY2hlbWFfdmVyc2lvbiI6IjEifQ=="
        }
      ]
    }
  ],
  "check_results": null
}
